
Microsoft Visual Studio Solution File, Format Version 12.00
# Visual Studio 2013
VisualStudioVersion = 12.0.21005.1
MinimumVisualStudioVersion = 10.0.40219.1
Project("{FAE04EC0-301F-11D3-BF4B-00C04F79EFBC}") = "OddOrEven", "OddOrEven\OddOrEven.csproj", "{C0AA664B-47F1-4933-978B-6ED0EEEAB1AA}"
EndProject
Project("{FAE04EC0-301F-11D3-BF4B-00C04F79EFBC}") = "GravitationOnMoon", "GravitationOnMoon\GravitationOnMoon.csproj", "{9341D3FA-30BC-4867-BDC7-0DB2968A7DE9}"
EndProject
Project("{FAE04EC0-301F-11D3-BF4B-00C04F79EFBC}") = "DivideBy", "DivideBy\DivideBy.csproj", "{DBE844F3-5737-45B8-996D-B080B0341126}"
EndProject
Project("{FAE04EC0-301F-11D3-BF4B-00C04F79EFBC}") = "Rectangles", "Rectangles\Rectangles.csproj", "{380EABA9-D2B8-4EC5-96ED-7FE79791E79A}"
EndProject
Project("{FAE04EC0-301F-11D3-BF4B-00C04F79EFBC}") = "ThirdDigit", "ThirdDigit\ThirdDigit.csproj", "{04722943-401B-4BD1-93A4-83475ADCB414}"
EndProject
Project("{FAE04EC0-301F-11D3-BF4B-00C04F79EFBC}") = "FourDigitNumber", "FourDigitNumber\FourDigitNumber.csproj", "{C3D36719-50C0-4375-922D-2C5A332A5B66}"
EndProject
Project("{FAE04EC0-301F-11D3-BF4B-00C04F79EFBC}") = "PointInCircle", "PointInCircle\PointInCircle.csproj", "{2FD341BA-A472-4C9B-B771-626A0CE71CCC}"
EndProject
Project("{FAE04EC0-301F-11D3-BF4B-00C04F79EFBC}") = "PrimeNumberCheck", "IsPrime\PrimeNumberCheck.csproj", "{AA28283E-1EF9-4643-A6DE-865EAEA67BB1}"
EndProject
Project("{FAE04EC0-301F-11D3-BF4B-00C04F79EFBC}") = "Trapezoids", "Trapezoids\Trapezoids.csproj", "{3944EFA3-7D7E-4059-B3E6-06AC0C323A96}"
EndProject
Project("{FAE04EC0-301F-11D3-BF4B-00C04F79EFBC}") = "PointInsideCircleOutsideRectangle", "PointInsideCircleOutsideRectangle\PointInsideCircleOutsideRectangle.csproj", "{18CD2C80-339A-4DDE-AD04-6151FF0127A2}"
EndProject
Project("{FAE04EC0-301F-11D3-BF4B-00C04F79EFBC}") = "ExtractBit", "ExtractBit\ExtractBit.csproj", "{875F21B5-88E9-4FC4-BD36-11A7A23FA733}"
EndProject
Project("{FAE04EC0-301F-11D3-BF4B-00C04F79EFBC}") = "ExtractBitFromInteger", "ExtractBitFromInteger\ExtractBitFromInteger.csproj", "{3D3A4E31-38B0-4B60-B34C-CC9C2102670B}"
EndProject
Project("{FAE04EC0-301F-11D3-BF4B-00C04F79EFBC}") = "CheckABitAtGivenPosition", "CheckABitAtGivenPosition\CheckABitAtGivenPosition.csproj", "{988A8149-FFB9-44DA-B177-23F91B22D01A}"
EndProject
Project("{FAE04EC0-301F-11D3-BF4B-00C04F79EFBC}") = "ModifyABitAtGivenPosition", "ModifyABitAtGivenPosition\ModifyABitAtGivenPosition.csproj", "{177A89CC-C1CA-4523-BF67-5AB01866FF3A}"
EndProject
Project("{FAE04EC0-301F-11D3-BF4B-00C04F79EFBC}") = "BitsExchange", "BitsExchange\BitsExchange.csproj", "{FD0B5C7E-715E-4295-91F1-2899AF39357E}"
EndProject
Project("{FAE04EC0-301F-11D3-BF4B-00C04F79EFBC}") = "BitsExchangeAdvanced", "BitsExchangeAdvanced\BitsExchangeAdvanced.csproj", "{AC8C4B63-72BF-43A8-A6D4-D4C4F5852E7E}"
EndProject
Global
	GlobalSection(SolutionConfigurationPlatforms) = preSolution
		Debug|Any CPU = Debug|Any CPU
		Release|Any CPU = Release|Any CPU
	EndGlobalSection
	GlobalSection(ProjectConfigurationPlatforms) = postSolution
		{C0AA664B-47F1-4933-978B-6ED0EEEAB1AA}.Debug|Any CPU.ActiveCfg = Debug|Any CPU
		{C0AA664B-47F1-4933-978B-6ED0EEEAB1AA}.Debug|Any CPU.Build.0 = Debug|Any CPU
		{C0AA664B-47F1-4933-978B-6ED0EEEAB1AA}.Release|Any CPU.ActiveCfg = Release|Any CPU
		{C0AA664B-47F1-4933-978B-6ED0EEEAB1AA}.Release|Any CPU.Build.0 = Release|Any CPU
		{9341D3FA-30BC-4867-BDC7-0DB2968A7DE9}.Debug|Any CPU.ActiveCfg = Debug|Any CPU
		{9341D3FA-30BC-4867-BDC7-0DB2968A7DE9}.Debug|Any CPU.Build.0 = Debug|Any CPU
		{9341D3FA-30BC-4867-BDC7-0DB2968A7DE9}.Release|Any CPU.ActiveCfg = Release|Any CPU
		{9341D3FA-30BC-4867-BDC7-0DB2968A7DE9}.Release|Any CPU.Build.0 = Release|Any CPU
		{DBE844F3-5737-45B8-996D-B080B0341126}.Debug|Any CPU.ActiveCfg = Debug|Any CPU
		{DBE844F3-5737-45B8-996D-B080B0341126}.Debug|Any CPU.Build.0 = Debug|Any CPU
		{DBE844F3-5737-45B8-996D-B080B0341126}.Release|Any CPU.ActiveCfg = Release|Any CPU
		{DBE844F3-5737-45B8-996D-B080B0341126}.Release|Any CPU.Build.0 = Release|Any CPU
		{380EABA9-D2B8-4EC5-96ED-7FE79791E79A}.Debug|Any CPU.ActiveCfg = Debug|Any CPU
		{380EABA9-D2B8-4EC5-96ED-7FE79791E79A}.Debug|Any CPU.Build.0 = Debug|Any CPU
		{380EABA9-D2B8-4EC5-96ED-7FE79791E79A}.Release|Any CPU.ActiveCfg = Release|Any CPU
		{380EABA9-D2B8-4EC5-96ED-7FE79791E79A}.Release|Any CPU.Build.0 = Release|Any CPU
		{04722943-401B-4BD1-93A4-83475ADCB414}.Debug|Any CPU.ActiveCfg = Debug|Any CPU
		{04722943-401B-4BD1-93A4-83475ADCB414}.Debug|Any CPU.Build.0 = Debug|Any CPU
		{04722943-401B-4BD1-93A4-83475ADCB414}.Release|Any CPU.ActiveCfg = Release|Any CPU
		{04722943-401B-4BD1-93A4-83475ADCB414}.Release|Any CPU.Build.0 = Release|Any CPU
		{C3D36719-50C0-4375-922D-2C5A332A5B66}.Debug|Any CPU.ActiveCfg = Debug|Any CPU
		{C3D36719-50C0-4375-922D-2C5A332A5B66}.Debug|Any CPU.Build.0 = Debug|Any CPU
		{C3D36719-50C0-4375-922D-2C5A332A5B66}.Release|Any CPU.ActiveCfg = Release|Any CPU
		{C3D36719-50C0-4375-922D-2C5A332A5B66}.Release|Any CPU.Build.0 = Release|Any CPU
		{2FD341BA-A472-4C9B-B771-626A0CE71CCC}.Debug|Any CPU.ActiveCfg = Debug|Any CPU
		{2FD341BA-A472-4C9B-B771-626A0CE71CCC}.Debug|Any CPU.Build.0 = Debug|Any CPU
		{2FD341BA-A472-4C9B-B771-626A0CE71CCC}.Release|Any CPU.ActiveCfg = Release|Any CPU
		{2FD341BA-A472-4C9B-B771-626A0CE71CCC}.Release|Any CPU.Build.0 = Release|Any CPU
		{AA28283E-1EF9-4643-A6DE-865EAEA67BB1}.Debug|Any CPU.ActiveCfg = Debug|Any CPU
		{AA28283E-1EF9-4643-A6DE-865EAEA67BB1}.Debug|Any CPU.Build.0 = Debug|Any CPU
		{AA28283E-1EF9-4643-A6DE-865EAEA67BB1}.Release|Any CPU.ActiveCfg = Release|Any CPU
		{AA28283E-1EF9-4643-A6DE-865EAEA67BB1}.Release|Any CPU.Build.0 = Release|Any CPU
		{3944EFA3-7D7E-4059-B3E6-06AC0C323A96}.Debug|Any CPU.ActiveCfg = Debug|Any CPU
		{3944EFA3-7D7E-4059-B3E6-06AC0C323A96}.Debug|Any CPU.Build.0 = Debug|Any CPU
		{3944EFA3-7D7E-4059-B3E6-06AC0C323A96}.Release|Any CPU.ActiveCfg = Release|Any CPU
		{3944EFA3-7D7E-4059-B3E6-06AC0C323A96}.Release|Any CPU.Build.0 = Release|Any CPU
		{18CD2C80-339A-4DDE-AD04-6151FF0127A2}.Debug|Any CPU.ActiveCfg = Debug|Any CPU
		{18CD2C80-339A-4DDE-AD04-6151FF0127A2}.Debug|Any CPU.Build.0 = Debug|Any CPU
		{18CD2C80-339A-4DDE-AD04-6151FF0127A2}.Release|Any CPU.ActiveCfg = Release|Any CPU
		{18CD2C80-339A-4DDE-AD04-6151FF0127A2}.Release|Any CPU.Build.0 = Release|Any CPU
		{875F21B5-88E9-4FC4-BD36-11A7A23FA733}.Debug|Any CPU.ActiveCfg = Debug|Any CPU
		{875F21B5-88E9-4FC4-BD36-11A7A23FA733}.Debug|Any CPU.Build.0 = Debug|Any CPU
		{875F21B5-88E9-4FC4-BD36-11A7A23FA733}.Release|Any CPU.ActiveCfg = Release|Any CPU
		{875F21B5-88E9-4FC4-BD36-11A7A23FA733}.Release|Any CPU.Build.0 = Release|Any CPU
		{3D3A4E31-38B0-4B60-B34C-CC9C2102670B}.Debug|Any CPU.ActiveCfg = Debug|Any CPU
		{3D3A4E31-38B0-4B60-B34C-CC9C2102670B}.Debug|Any CPU.Build.0 = Debug|Any CPU
		{3D3A4E31-38B0-4B60-B34C-CC9C2102670B}.Release|Any CPU.ActiveCfg = Release|Any CPU
		{3D3A4E31-38B0-4B60-B34C-CC9C2102670B}.Release|Any CPU.Build.0 = Release|Any CPU
		{988A8149-FFB9-44DA-B177-23F91B22D01A}.Debug|Any CPU.ActiveCfg = Debug|Any CPU
		{988A8149-FFB9-44DA-B177-23F91B22D01A}.Debug|Any CPU.Build.0 = Debug|Any CPU
		{988A8149-FFB9-44DA-B177-23F91B22D01A}.Release|Any CPU.ActiveCfg = Release|Any CPU
		{988A8149-FFB9-44DA-B177-23F91B22D01A}.Release|Any CPU.Build.0 = Release|Any CPU
		{177A89CC-C1CA-4523-BF67-5AB01866FF3A}.Debug|Any CPU.ActiveCfg = Debug|Any CPU
		{177A89CC-C1CA-4523-BF67-5AB01866FF3A}.Debug|Any CPU.Build.0 = Debug|Any CPU
		{177A89CC-C1CA-4523-BF67-5AB01866FF3A}.Release|Any CPU.ActiveCfg = Release|Any CPU
		{177A89CC-C1CA-4523-BF67-5AB01866FF3A}.Release|Any CPU.Build.0 = Release|Any CPU
		{FD0B5C7E-715E-4295-91F1-2899AF39357E}.Debug|Any CPU.ActiveCfg = Debug|Any CPU
		{FD0B5C7E-715E-4295-91F1-2899AF39357E}.Debug|Any CPU.Build.0 = Debug|Any CPU
		{FD0B5C7E-715E-4295-91F1-2899AF39357E}.Release|Any CPU.ActiveCfg = Release|Any CPU
		{FD0B5C7E-715E-4295-91F1-2899AF39357E}.Release|Any CPU.Build.0 = Release|Any CPU
		{AC8C4B63-72BF-43A8-A6D4-D4C4F5852E7E}.Debug|Any CPU.ActiveCfg = Debug|Any CPU
		{AC8C4B63-72BF-43A8-A6D4-D4C4F5852E7E}.Debug|Any CPU.Build.0 = Debug|Any CPU
		{AC8C4B63-72BF-43A8-A6D4-D4C4F5852E7E}.Release|Any CPU.ActiveCfg = Release|Any CPU
		{AC8C4B63-72BF-43A8-A6D4-D4C4F5852E7E}.Release|Any CPU.Build.0 = Release|Any CPU
	EndGlobalSection
	GlobalSection(SolutionProperties) = preSolution
		HideSolutionNode = FALSE
	EndGlobalSection
EndGlobal
